
Microsoft Visual Studio Solution File, Format Version 12.00
# Visual Studio Version 16
VisualStudioVersion = 16.0.30028.174
MinimumVisualStudioVersion = 15.0.26124.0
Project("{9A19103F-16F7-4668-BE54-9A1E7A4F7556}") = "ChrisJohnInfo.Blog.Contracts", "src\ChrisJohnInfo.Blog.Contracts\ChrisJohnInfo.Blog.Contracts.csproj", "{A74B33F7-7833-49F3-A0C4-3C734035C30E}"
EndProject
Project("{9A19103F-16F7-4668-BE54-9A1E7A4F7556}") = "ChrisJohnInfo.Blog.Repositories.EntityFramework", "src\ChrisJohnInfo.Blog.Repositories.EntityFramework\ChrisJohnInfo.Blog.Repositories.EntityFramework.csproj", "{2FCCAC28-7183-49E6-93EF-79284A51F7AB}"
EndProject
Project("{9A19103F-16F7-4668-BE54-9A1E7A4F7556}") = "ChrisJohnInfo.Blog.IntegrationTests", "src\ChrisJohnInfo.Blog.IntegrationTests\ChrisJohnInfo.Blog.IntegrationTests.csproj", "{A91E042F-1B61-425E-A650-EC0A03165FE9}"
EndProject
Project("{9A19103F-16F7-4668-BE54-9A1E7A4F7556}") = "ChrisJohnInfo.Blog.Core", "src\ChrisJohnInfo.Blog.Core\ChrisJohnInfo.Blog.Core.csproj", "{35C7FE4F-63D4-4E8E-8778-425604F3D45B}"
EndProject
Project("{9A19103F-16F7-4668-BE54-9A1E7A4F7556}") = "ChrisJohnInfo.Blog.Tests", "src\ChrisJohnInfo.Blog.Tests\ChrisJohnInfo.Blog.Tests.csproj", "{EF2AE98E-7450-45C1-B3FC-58506B87947F}"
EndProject
Project("{FAE04EC0-301F-11D3-BF4B-00C04F79EFBC}") = "ChrisJohnInfo.Blog.MvcUI", "src\ChrisJohnInfo.Blog.MvcUI\ChrisJohnInfo.Blog.MvcUI.csproj", "{F4B63B0F-429A-4094-8994-0D26F15FCD10}"
EndProject
Global
	GlobalSection(SolutionConfigurationPlatforms) = preSolution
		Debug|Any CPU = Debug|Any CPU
		Debug|x64 = Debug|x64
		Debug|x86 = Debug|x86
		Release|Any CPU = Release|Any CPU
		Release|x64 = Release|x64
		Release|x86 = Release|x86
	EndGlobalSection
	GlobalSection(ProjectConfigurationPlatforms) = postSolution
		{A74B33F7-7833-49F3-A0C4-3C734035C30E}.Debug|Any CPU.ActiveCfg = Debug|Any CPU
		{A74B33F7-7833-49F3-A0C4-3C734035C30E}.Debug|Any CPU.Build.0 = Debug|Any CPU
		{A74B33F7-7833-49F3-A0C4-3C734035C30E}.Debug|x64.ActiveCfg = Debug|Any CPU
		{A74B33F7-7833-49F3-A0C4-3C734035C30E}.Debug|x64.Build.0 = Debug|Any CPU
		{A74B33F7-7833-49F3-A0C4-3C734035C30E}.Debug|x86.ActiveCfg = Debug|Any CPU
		{A74B33F7-7833-49F3-A0C4-3C734035C30E}.Debug|x86.Build.0 = Debug|Any CPU
		{A74B33F7-7833-49F3-A0C4-3C734035C30E}.Release|Any CPU.ActiveCfg = Release|Any CPU
		{A74B33F7-7833-49F3-A0C4-3C734035C30E}.Release|Any CPU.Build.0 = Release|Any CPU
		{A74B33F7-7833-49F3-A0C4-3C734035C30E}.Release|x64.ActiveCfg = Release|Any CPU
		{A74B33F7-7833-49F3-A0C4-3C734035C30E}.Release|x64.Build.0 = Release|Any CPU
		{A74B33F7-7833-49F3-A0C4-3C734035C30E}.Release|x86.ActiveCfg = Release|Any CPU
		{A74B33F7-7833-49F3-A0C4-3C734035C30E}.Release|x86.Build.0 = Release|Any CPU
		{2FCCAC28-7183-49E6-93EF-79284A51F7AB}.Debug|Any CPU.ActiveCfg = Debug|Any CPU
		{2FCCAC28-7183-49E6-93EF-79284A51F7AB}.Debug|Any CPU.Build.0 = Debug|Any CPU
		{2FCCAC28-7183-49E6-93EF-79284A51F7AB}.Debug|x64.ActiveCfg = Debug|Any CPU
		{2FCCAC28-7183-49E6-93EF-79284A51F7AB}.Debug|x64.Build.0 = Debug|Any CPU
		{2FCCAC28-7183-49E6-93EF-79284A51F7AB}.Debug|x86.ActiveCfg = Debug|Any CPU
		{2FCCAC28-7183-49E6-93EF-79284A51F7AB}.Debug|x86.Build.0 = Debug|Any CPU
		{2FCCAC28-7183-49E6-93EF-79284A51F7AB}.Release|Any CPU.ActiveCfg = Release|Any CPU
		{2FCCAC28-7183-49E6-93EF-79284A51F7AB}.Release|Any CPU.Build.0 = Release|Any CPU
		{2FCCAC28-7183-49E6-93EF-79284A51F7AB}.Release|x64.ActiveCfg = Release|Any CPU
		{2FCCAC28-7183-49E6-93EF-79284A51F7AB}.Release|x64.Build.0 = Release|Any CPU
		{2FCCAC28-7183-49E6-93EF-79284A51F7AB}.Release|x86.ActiveCfg = Release|Any CPU
		{2FCCAC28-7183-49E6-93EF-79284A51F7AB}.Release|x86.Build.0 = Release|Any CPU
		{A91E042F-1B61-425E-A650-EC0A03165FE9}.Debug|Any CPU.ActiveCfg = Debug|Any CPU
		{A91E042F-1B61-425E-A650-EC0A03165FE9}.Debug|Any CPU.Build.0 = Debug|Any CPU
		{A91E042F-1B61-425E-A650-EC0A03165FE9}.Debug|x64.ActiveCfg = Debug|Any CPU
		{A91E042F-1B61-425E-A650-EC0A03165FE9}.Debug|x64.Build.0 = Debug|Any CPU
		{A91E042F-1B61-425E-A650-EC0A03165FE9}.Debug|x86.ActiveCfg = Debug|Any CPU
		{A91E042F-1B61-425E-A650-EC0A03165FE9}.Debug|x86.Build.0 = Debug|Any CPU
		{A91E042F-1B61-425E-A650-EC0A03165FE9}.Release|Any CPU.ActiveCfg = Release|Any CPU
		{A91E042F-1B61-425E-A650-EC0A03165FE9}.Release|Any CPU.Build.0 = Release|Any CPU
		{A91E042F-1B61-425E-A650-EC0A03165FE9}.Release|x64.ActiveCfg = Release|Any CPU
		{A91E042F-1B61-425E-A650-EC0A03165FE9}.Release|x64.Build.0 = Release|Any CPU
		{A91E042F-1B61-425E-A650-EC0A03165FE9}.Release|x86.ActiveCfg = Release|Any CPU
		{A91E042F-1B61-425E-A650-EC0A03165FE9}.Release|x86.Build.0 = Release|Any CPU
		{35C7FE4F-63D4-4E8E-8778-425604F3D45B}.Debug|Any CPU.ActiveCfg = Debug|Any CPU
		{35C7FE4F-63D4-4E8E-8778-425604F3D45B}.Debug|Any CPU.Build.0 = Debug|Any CPU
		{35C7FE4F-63D4-4E8E-8778-425604F3D45B}.Debug|x64.ActiveCfg = Debug|Any CPU
		{35C7FE4F-63D4-4E8E-8778-425604F3D45B}.Debug|x64.Build.0 = Debug|Any CPU
		{35C7FE4F-63D4-4E8E-8778-425604F3D45B}.Debug|x86.ActiveCfg = Debug|Any CPU
		{35C7FE4F-63D4-4E8E-8778-425604F3D45B}.Debug|x86.Build.0 = Debug|Any CPU
		{35C7FE4F-63D4-4E8E-8778-425604F3D45B}.Release|Any CPU.ActiveCfg = Release|Any CPU
		{35C7FE4F-63D4-4E8E-8778-425604F3D45B}.Release|Any CPU.Build.0 = Release|Any CPU
		{35C7FE4F-63D4-4E8E-8778-425604F3D45B}.Release|x64.ActiveCfg = Release|Any CPU
		{35C7FE4F-63D4-4E8E-8778-425604F3D45B}.Release|x64.Build.0 = Release|Any CPU
		{35C7FE4F-63D4-4E8E-8778-425604F3D45B}.Release|x86.ActiveCfg = Release|Any CPU
		{35C7FE4F-63D4-4E8E-8778-425604F3D45B}.Release|x86.Build.0 = Release|Any CPU
		{EF2AE98E-7450-45C1-B3FC-58506B87947F}.Debug|Any CPU.ActiveCfg = Debug|Any CPU
		{EF2AE98E-7450-45C1-B3FC-58506B87947F}.Debug|Any CPU.Build.0 = Debug|Any CPU
		{EF2AE98E-7450-45C1-B3FC-58506B87947F}.Debug|x64.ActiveCfg = Debug|Any CPU
		{EF2AE98E-7450-45C1-B3FC-58506B87947F}.Debug|x64.Build.0 = Debug|Any CPU
		{EF2AE98E-7450-45C1-B3FC-58506B87947F}.Debug|x86.ActiveCfg = Debug|Any CPU
		{EF2AE98E-7450-45C1-B3FC-58506B87947F}.Debug|x86.Build.0 = Debug|Any CPU
		{EF2AE98E-7450-45C1-B3FC-58506B87947F}.Release|Any CPU.ActiveCfg = Release|Any CPU
		{EF2AE98E-7450-45C1-B3FC-58506B87947F}.Release|Any CPU.Build.0 = Release|Any CPU
		{EF2AE98E-7450-45C1-B3FC-58506B87947F}.Release|x64.ActiveCfg = Release|Any CPU
		{EF2AE98E-7450-45C1-B3FC-58506B87947F}.Release|x64.Build.0 = Release|Any CPU
		{EF2AE98E-7450-45C1-B3FC-58506B87947F}.Release|x86.ActiveCfg = Release|Any CPU
		{EF2AE98E-7450-45C1-B3FC-58506B87947F}.Release|x86.Build.0 = Release|Any CPU
		{F4B63B0F-429A-4094-8994-0D26F15FCD10}.Debug|Any CPU.ActiveCfg = Debug|Any CPU
		{F4B63B0F-429A-4094-8994-0D26F15FCD10}.Debug|Any CPU.Build.0 = Debug|Any CPU
		{F4B63B0F-429A-4094-8994-0D26F15FCD10}.Debug|x64.ActiveCfg = Debug|Any CPU
		{F4B63B0F-429A-4094-8994-0D26F15FCD10}.Debug|x64.Build.0 = Debug|Any CPU
		{F4B63B0F-429A-4094-8994-0D26F15FCD10}.Debug|x86.ActiveCfg = Debug|Any CPU
		{F4B63B0F-429A-4094-8994-0D26F15FCD10}.Debug|x86.Build.0 = Debug|Any CPU
		{F4B63B0F-429A-4094-8994-0D26F15FCD10}.Release|Any CPU.ActiveCfg = Release|Any CPU
		{F4B63B0F-429A-4094-8994-0D26F15FCD10}.Release|Any CPU.Build.0 = Release|Any CPU
		{F4B63B0F-429A-4094-8994-0D26F15FCD10}.Release|x64.ActiveCfg = Release|Any CPU
		{F4B63B0F-429A-4094-8994-0D26F15FCD10}.Release|x64.Build.0 = Release|Any CPU
		{F4B63B0F-429A-4094-8994-0D26F15FCD10}.Release|x86.ActiveCfg = Release|Any CPU
		{F4B63B0F-429A-4094-8994-0D26F15FCD10}.Release|x86.Build.0 = Release|Any CPU
	EndGlobalSection
	GlobalSection(SolutionProperties) = preSolution
		HideSolutionNode = FALSE
	EndGlobalSection
	GlobalSection(ExtensibilityGlobals) = postSolution
		SolutionGuid = {3CE15B31-E8D6-4464-9538-F3E6738EDBDF}
	EndGlobalSection
EndGlobal
