
Microsoft Visual Studio Solution File, Format Version 12.00
# Visual Studio Version 16
VisualStudioVersion = 16.0.30028.174
MinimumVisualStudioVersion = 10.0.40219.1
Project("{FAE04EC0-301F-11D3-BF4B-00C04F79EFBC}") = "DataMigrator", "DataMigrator\DataMigrator.csproj", "{33A61468-09F7-40E3-B05F-307C7FB9CC5F}"
EndProject
Global
	GlobalSection(SolutionConfigurationPlatforms) = preSolution
		Debug|Any CPU = Debug|Any CPU
		Release|Any CPU = Release|Any CPU
	EndGlobalSection
	GlobalSection(ProjectConfigurationPlatforms) = postSolution
		{33A61468-09F7-40E3-B05F-307C7FB9CC5F}.Debug|Any CPU.ActiveCfg = Debug|Any CPU
		{33A61468-09F7-40E3-B05F-307C7FB9CC5F}.Debug|Any CPU.Build.0 = Debug|Any CPU
		{33A61468-09F7-40E3-B05F-307C7FB9CC5F}.Release|Any CPU.ActiveCfg = Release|Any CPU
		{33A61468-09F7-40E3-B05F-307C7FB9CC5F}.Release|Any CPU.Build.0 = Release|Any CPU
	EndGlobalSection
	GlobalSection(SolutionProperties) = preSolution
		HideSolutionNode = FALSE
	EndGlobalSection
	GlobalSection(ExtensibilityGlobals) = postSolution
		SolutionGuid = {16AED2C1-6EDA-46F5-847D-1B2E2EFAAF9B}
	EndGlobalSection
EndGlobal
